
Microsoft Visual Studio Solution File, Format Version 12.00
# Visual Studio Version 17
VisualStudioVersion = 17.0.31903.59
MinimumVisualStudioVersion = 10.0.40219.1
Project("{FAE04EC0-301F-11D3-BF4B-00C04F79EFBC}") = "EquipmentRepair", "EquipmentRepair\EquipmentRepair.csproj", "{972C1B1F-8607-4F39-B523-43C8A8029B6F}"
EndProject
Global
	GlobalSection(SolutionConfigurationPlatforms) = preSolution
		Debug|Any CPU = Debug|Any CPU
		Release|Any CPU = Release|Any CPU
	EndGlobalSection
	GlobalSection(ProjectConfigurationPlatforms) = postSolution
		{972C1B1F-8607-4F39-B523-43C8A8029B6F}.Debug|Any CPU.ActiveCfg = Debug|Any CPU
		{972C1B1F-8607-4F39-B523-43C8A8029B6F}.Debug|Any CPU.Build.0 = Debug|Any CPU
		{972C1B1F-8607-4F39-B523-43C8A8029B6F}.Release|Any CPU.ActiveCfg = Release|Any CPU
		{972C1B1F-8607-4F39-B523-43C8A8029B6F}.Release|Any CPU.Build.0 = Release|Any CPU
	EndGlobalSection
	GlobalSection(SolutionProperties) = preSolution
		HideSolutionNode = FALSE
	EndGlobalSection
	GlobalSection(ExtensibilityGlobals) = postSolution
		SolutionGuid = {B05D13D9-7771-44BF-A594-BB2DE8DE144C}
	EndGlobalSection
EndGlobal
